
Microsoft Visual Studio Solution File, Format Version 12.00
# Visual Studio Version 17
VisualStudioVersion = 17.5.33530.505
MinimumVisualStudioVersion = 10.0.40219.1
Project("{FAE04EC0-301F-11D3-BF4B-00C04F79EFBC}") = "work_01", "work_01\work_01.csproj", "{272C58E5-C1A1-4640-A8C8-E290CD61F7B8}"
EndProject
Global
	GlobalSection(SolutionConfigurationPlatforms) = preSolution
		Debug|Any CPU = Debug|Any CPU
		Release|Any CPU = Release|Any CPU
	EndGlobalSection
	GlobalSection(ProjectConfigurationPlatforms) = postSolution
		{272C58E5-C1A1-4640-A8C8-E290CD61F7B8}.Debug|Any CPU.ActiveCfg = Debug|Any CPU
		{272C58E5-C1A1-4640-A8C8-E290CD61F7B8}.Debug|Any CPU.Build.0 = Debug|Any CPU
		{272C58E5-C1A1-4640-A8C8-E290CD61F7B8}.Release|Any CPU.ActiveCfg = Release|Any CPU
		{272C58E5-C1A1-4640-A8C8-E290CD61F7B8}.Release|Any CPU.Build.0 = Release|Any CPU
	EndGlobalSection
	GlobalSection(SolutionProperties) = preSolution
		HideSolutionNode = FALSE
	EndGlobalSection
	GlobalSection(ExtensibilityGlobals) = postSolution
		SolutionGuid = {A003D60E-B20C-4136-8C7C-547E9AAE934C}
	EndGlobalSection
EndGlobal
